
Microsoft Visual Studio Solution File, Format Version 12.00
# Visual Studio 15
VisualStudioVersion = 15.0.27428.2043
MinimumVisualStudioVersion = 10.0.40219.1
Project("{9A19103F-16F7-4668-BE54-9A1E7A4F7556}") = "reactive-extensions", "reactive-extensions\reactive-extensions.csproj", "{7CD28B40-B6D2-495A-8FFC-C3236E4784E8}"
EndProject
Project("{FAE04EC0-301F-11D3-BF4B-00C04F79EFBC}") = "reactive-extensions-test", "reactive-extensions-test\reactive-extensions-test.csproj", "{001B120D-C4E3-4260-A7C5-D0793434DE91}"
EndProject
Project("{FAE04EC0-301F-11D3-BF4B-00C04F79EFBC}") = "reactive-extensions-benchmarks", "reactive-extensions-benchmarks\reactive-extensions-benchmarks.csproj", "{7800D1E4-EB56-4545-8753-295450B3BAB0}"
EndProject
Global
	GlobalSection(SolutionConfigurationPlatforms) = preSolution
		Debug|Any CPU = Debug|Any CPU
		Release|Any CPU = Release|Any CPU
	EndGlobalSection
	GlobalSection(ProjectConfigurationPlatforms) = postSolution
		{7CD28B40-B6D2-495A-8FFC-C3236E4784E8}.Debug|Any CPU.ActiveCfg = Debug|Any CPU
		{7CD28B40-B6D2-495A-8FFC-C3236E4784E8}.Debug|Any CPU.Build.0 = Debug|Any CPU
		{7CD28B40-B6D2-495A-8FFC-C3236E4784E8}.Release|Any CPU.ActiveCfg = Release|Any CPU
		{7CD28B40-B6D2-495A-8FFC-C3236E4784E8}.Release|Any CPU.Build.0 = Release|Any CPU
		{001B120D-C4E3-4260-A7C5-D0793434DE91}.Debug|Any CPU.ActiveCfg = Debug|Any CPU
		{001B120D-C4E3-4260-A7C5-D0793434DE91}.Debug|Any CPU.Build.0 = Debug|Any CPU
		{001B120D-C4E3-4260-A7C5-D0793434DE91}.Release|Any CPU.ActiveCfg = Release|Any CPU
		{001B120D-C4E3-4260-A7C5-D0793434DE91}.Release|Any CPU.Build.0 = Release|Any CPU
		{7800D1E4-EB56-4545-8753-295450B3BAB0}.Debug|Any CPU.ActiveCfg = Debug|Any CPU
		{7800D1E4-EB56-4545-8753-295450B3BAB0}.Debug|Any CPU.Build.0 = Debug|Any CPU
		{7800D1E4-EB56-4545-8753-295450B3BAB0}.Release|Any CPU.ActiveCfg = Release|Any CPU
		{7800D1E4-EB56-4545-8753-295450B3BAB0}.Release|Any CPU.Build.0 = Release|Any CPU
	EndGlobalSection
	GlobalSection(SolutionProperties) = preSolution
		HideSolutionNode = FALSE
	EndGlobalSection
	GlobalSection(ExtensibilityGlobals) = postSolution
		SolutionGuid = {07F37B29-5EFE-40F3-8193-E82FBD74F681}
	EndGlobalSection
EndGlobal
